PODS:
  - Capacitor (5.0.4):
    - CapacitorCordova
  - CapacitorCordova (5.0.4)
  - CapacitorFilesystem (5.0.2):
    - Capacitor
  - CapacitorPluginSafeArea (2.0.3):
    - Capacitor
  - CapacitorStatusBar (5.0.2):
    - Capacitor

DEPENDENCIES:
  - "Capacitor (from `../../node_modules/@capacitor/ios`)"
  - "CapacitorCordova (from `../../node_modules/@capacitor/ios`)"
  - "CapacitorFilesystem (from `../../node_modules/@capacitor/filesystem`)"
  - CapacitorPluginSafeArea (from `../../node_modules/capacitor-plugin-safe-area`)
  - "CapacitorStatusBar (from `../../node_modules/@capacitor/status-bar`)"

EXTERNAL SOURCES:
  Capacitor:
    :path: "../../node_modules/@capacitor/ios"
  CapacitorCordova:
    :path: "../../node_modules/@capacitor/ios"
  CapacitorFilesystem:
    :path: "../../node_modules/@capacitor/filesystem"
  CapacitorPluginSafeArea:
    :path: "../../node_modules/capacitor-plugin-safe-area"
  CapacitorStatusBar:
    :path: "../../node_modules/@capacitor/status-bar"

SPEC CHECKSUMS:
  Capacitor: d3d4463573438b9fa65326d1f3549da6f4c21634
  CapacitorCordova: b1fe6bf1f36974a8e4a9044b342d22d49c0996d6
  CapacitorFilesystem: 3a7bb944feb5b7e9473adeb08662c73141510aa8
  CapacitorPluginSafeArea: ca00edc6c1b6d799cc543b1c3bc681a56dfcb16f
  CapacitorStatusBar: 48f2899f6846cc7d8431b251ebfc58e1c10e3d58

PODFILE CHECKSUM: b0fa9e94959bc803408a555e08f1ffa5298ba960

COCOAPODS: 1.12.1
